{
  "format": "fathom-frozen-lock/1",
  "baseline": "Architecture Freeze Baseline v1.0",
  "adr": "docs/02-design/adr/ADR-000-architecture-freeze.md",
  "generated_at": "2026-10-02",
  "generated_by": "WP-00-00 (T1)",
  "algorithm": "sha256 (raw bytes, LF)",
  "rules": {
    "change_requires_trailer": [
      "CR: CR-<nn>",
      "ADR: ADR-<nnn>"
    ],
    "destructive_change": "ADR-017~ + 회고 승인 + frozen.lock 재생성 (ADR-000 §2.1)",
    "additive_change": "CR (docs/02-design/cr/README.md 대장) (ADR-000 §2.2)",
    "pending_semantics": "pending 항목은 freeze_at 통합(G3)에서 T1(WP-00-00 소유자)이 sha256을 계산해 files로 옮긴다. 그 전까지 check:frozen은 해당 경로를 owner_task 외 Task가 바꾸면 위반으로, 소유 Task의 생성·수정은 허용으로 본다."
  },
  "files": [
    {
      "path": "docs/02-design/adr/ADR-000-architecture-freeze.md",
      "doc_id": "ADR-000",
      "scope": "전체(동결 선언·변경 통제)",
      "sha256": "879ef43fcee62554c29648a0d363a6f357f2b791462724f3148d8fdec4672917",
      "bytes": 15020
    },
    {
      "path": "docs/02-design/01-architecture.md",
      "doc_id": "ARC-01",
      "scope": "§5·§8·§9·§12.2~12.3·§12.6·§14.1~14.2·§16·§17·§18 상세",
      "sha256": "42a14bd9445bd2f0d75bef4790ddf652a7687faa6f156dbbd1ad8bc8eaa90932",
      "bytes": 240103
    },
    {
      "path": "docs/02-design/adr/ADR-001-service-decomposition.md",
      "doc_id": "ADR-001",
      "scope": "각 ADR '동결 영향' 절",
      "sha256": "b144b9197b1fa77d911eb234687eacc5103357554083d2920d5cb0cd168a0ead",
      "bytes": 7849
    },
    {
      "path": "docs/02-design/adr/ADR-002-database-per-service-node-sqlite.md",
      "doc_id": "ADR-002",
      "scope": "각 ADR '동결 영향' 절",
      "sha256": "03ac8008004fdbd75bcae8d2e8d22d214c4dec54111b2a4d896d6e152bb49404",
      "bytes": 13699
    },
    {
      "path": "docs/02-design/adr/ADR-003-communication-outbox-events.md",
      "doc_id": "ADR-003",
      "scope": "각 ADR '동결 영향' 절",
      "sha256": "8359c55fe8a9e19a7605666eafec9043b834b61f81107d7bb93d0011109727b7",
      "bytes": 10099
    },
    {
      "path": "docs/02-design/adr/ADR-004-content-and-policy-packs.md",
      "doc_id": "ADR-004",
      "scope": "각 ADR '동결 영향' 절",
      "sha256": "8f0e0ebd843cec9cbe5b1e609b98af5e750c1ffb759525c0eafeb4accb8293f0",
      "bytes": 12802
    },
    {
      "path": "docs/02-design/adr/ADR-005-ai-provider-jev-routing.md",
      "doc_id": "ADR-005",
      "scope": "각 ADR '동결 영향' 절",
      "sha256": "b301da0fc500d2450f48e005ea8698fe67b67f1cff27cc8ce1ad1cc07f38895d",
      "bytes": 14284
    },
    {
      "path": "docs/02-design/adr/ADR-006-frontend-stack.md",
      "doc_id": "ADR-006",
      "scope": "각 ADR '동결 영향' 절",
      "sha256": "d731afe2e385f40a645ac22bd83894c7c4b5d39844efd97a44366bc792cd8870",
      "bytes": 10015
    },
    {
      "path": "docs/02-design/adr/ADR-007-runner-isolation.md",
      "doc_id": "ADR-007",
      "scope": "각 ADR '동결 영향' 절",
      "sha256": "68f90e2abb0d73b8bbfb5c297fa0b54958ff658bd8a5bd2480e4634301ef2f45",
      "bytes": 15905
    },
    {
      "path": "docs/02-design/adr/ADR-008-monorepo-contracts-as-code.md",
      "doc_id": "ADR-008",
      "scope": "각 ADR '동결 영향' 절",
      "sha256": "e6a7cda40300f24e802806198afc649634d7c157982537283733fbc43597230b",
      "bytes": 11253
    },
    {
      "path": "docs/02-design/adr/ADR-009-session-and-secrets.md",
      "doc_id": "ADR-009",
      "scope": "각 ADR '동결 영향' 절",
      "sha256": "c713ee3a7a50f5634438e66f0a48b514555a526417fcf6dd7aecdf490dec9318",
      "bytes": 10200
    },
    {
      "path": "docs/02-design/adr/ADR-010-static-gates-ts7.md",
      "doc_id": "ADR-010",
      "scope": "각 ADR '동결 영향' 절",
      "sha256": "3be680dfc3c5811d59d856ecbd1cff0dd942a6895a472d4a790e56b578f44ef8",
      "bytes": 16383
    },
    {
      "path": "docs/02-design/adr/ADR-011-evidence-ledger-replay.md",
      "doc_id": "ADR-011",
      "scope": "각 ADR '동결 영향' 절",
      "sha256": "a4a6bb9a1224aa64f6da23556c271ff6df6957c067b587178bc9de4fa619ad05",
      "bytes": 26715
    },
    {
      "path": "docs/02-design/adr/ADR-012-supervisor-process-lifecycle.md",
      "doc_id": "ADR-012",
      "scope": "각 ADR '동결 영향' 절",
      "sha256": "684f8c10040e7b0cb90ed129b3e746eb5f48e726e3bc0b2f19379769340c7812",
      "bytes": 10481
    },
    {
      "path": "docs/02-design/adr/ADR-013-backup-upgrade-rollback.md",
      "doc_id": "ADR-013",
      "scope": "각 ADR '동결 영향' 절",
      "sha256": "46b84a215fa9c17368b593319b4aa1fcbba13e1be0c7c38aa7230d128d742db9",
      "bytes": 11722
    },
    {
      "path": "docs/02-design/adr/ADR-014-deployment-views.md",
      "doc_id": "ADR-014",
      "scope": "각 ADR '동결 영향' 절",
      "sha256": "79af379e6294cc92f87a890104608c12166a77e4e9ddb36739b9a038176b0e58",
      "bytes": 7088
    },
    {
      "path": "docs/02-design/adr/ADR-015-observability.md",
      "doc_id": "ADR-015",
      "scope": "각 ADR '동결 영향' 절",
      "sha256": "7da336b009c1083087b415e8c9dd8b7af3aad35bcc8c8a706956bfbe5d5cc397",
      "bytes": 7331
    },
    {
      "path": "docs/02-design/adr/ADR-016-privacy-firewall-data-classes.md",
      "doc_id": "ADR-016",
      "scope": "각 ADR '동결 영향' 절",
      "sha256": "8a078671d9a3ebe91bf6a28547ab885c361e3c085ffe7c0be22ab503332022ef",
      "bytes": 7284
    },
    {
      "path": "docs/02-design/02-interface-spec.md",
      "doc_id": "IF-01",
      "scope": "코드 블록 전부(D 상세·O 개요)",
      "sha256": "45a08199efb3da41232fd4d47a7efb64d2590628464eb62a4cffe6b20d475f9d",
      "bytes": 396672
    },
    {
      "path": "docs/02-design/03-database-design.md",
      "doc_id": "DB-01",
      "scope": "DDL 전부",
      "sha256": "a654ebf0ce8018a1dd31a90dfcff8bc226fb27c9a07f691c5c5c11ca7b7225da",
      "bytes": 465109
    },
    {
      "path": "docs/02-design/04-data-collection-plan.md",
      "doc_id": "DCP-01",
      "scope": "§5.2 ID 문법·§6 스키마 형태·§7 검증 규칙",
      "sha256": "da7a7f562e66a005084a1a01a12267c35b367a7b37d192e12c3acd64ba1b8d68",
      "bytes": 263437
    },
    {
      "path": "docs/02-design/05-ai-design.md",
      "doc_id": "AI-01",
      "scope": "과업 레지스트리·Jev 템플릿 키·ai_policy@v1 키",
      "sha256": "05b8c56736adf511e6556c71c5297a8ab1c116597361ae1b50ad84076c78edef",
      "bytes": 203401
    },
    {
      "path": "docs/02-design/06-screen-design.md",
      "doc_id": "SCR-01",
      "scope": "라우트 18·렌더러 키",
      "sha256": "a3e4491a9799343e6a09f7aab28c5b073034e913b8d7313168f4166d2996b94a",
      "bytes": 167171
    },
    {
      "path": "docs/02-design/07-design-system.md",
      "doc_id": "DS-01",
      "scope": "토큰 이름(값 비동결)",
      "sha256": "4cb47692803457abd405b04815b3882d3f8015a7fdbb8607823a5ad6e7008a80",
      "bytes": 81838
    },
    {
      "path": "docs/02-design/08-wbs-iteration-plan.md",
      "doc_id": "WBS-01·PGM-01",
      "scope": "WP 소유 경로·반복 순서",
      "sha256": "18c5daca30e27fb361e1a0b0d9d19e939645520fd177bdc6d3c754665c1c5334",
      "bytes": 258271
    },
    {
      "path": "docs/02-design/09-rtm.md",
      "doc_id": "RTM-01",
      "scope": "열 구조·Must/Should 행",
      "sha256": "752e7b5357a9d192272c45b46abe5185e921a3dd4f4a3128e16085de49aff579",
      "bytes": 113303
    },
    {
      "path": "docs/02-design/10-design-review-log.md",
      "doc_id": "DRL-01",
      "scope": "기록",
      "sha256": "88212d7d7f63ac9d7415ab1bf93499fdae398c3b97a79b0e64e5e1c1cf633ce7",
      "bytes": 22274
    },
    {
      "path": "docs/02-design/11-agent-build-brief.md",
      "doc_id": "BRIEF-01",
      "scope": "요약(정본 아님)",
      "sha256": "c4600dab5a334b06d27eb9500ed6148b729d7a514770f5a121829b42f9bc4eef",
      "bytes": 19233
    },
    {
      "path": "docs/03-standards/01-dev-standards.md",
      "doc_id": "STD-01",
      "scope": "[M] 조항",
      "sha256": "c81f92d39dc166d4febb27f44b6c4fd4040b6bc6f70adf761928230aa7a5c11d",
      "bytes": 171864
    },
    {
      "path": "docs/04-test/01-test-plan.md",
      "doc_id": "TST-01",
      "scope": "§11.2 번호 대역·게이트",
      "sha256": "06cf856f1a9215e1dba3b5d5ce3adee9ef5a465ec93547967ca15ad47b2dcda6",
      "bytes": 173215
    },
    {
      "path": "CLAUDE.md",
      "doc_id": "CLAUDE.md",
      "scope": "에이전트 주입 지침(요약)",
      "sha256": "6efd00418be1899d00ffcbfb3407c4bcc9d556bbc02b912cc7e11312c95db498",
      "bytes": 9778
    },
    {
      "path": "docs/00-brief/tech-stack-facts.md",
      "doc_id": "TECH-FACTS",
      "scope": "검증된 스택 사실(ADR-000 §6 기록 대상)",
      "sha256": "a42a8ebf3c52ee13ecddfbff628aa4b8088f18e3cada86ddd511f558c0c6966e",
      "bytes": 3122
    },
    {
      "path": "packages/contracts/src/common/degraded.ts",
      "doc_id": "ADR-000 F-4",
      "scope": "ADR-000 F-4 (T-00-02, frozen at INT-1a)",
      "sha256": "aaefcbef5060bdde8b70382d5b0e480118a4f28761731df61777a71a3542b4a6",
      "bytes": 437
    },
    {
      "path": "packages/contracts/src/common/domain.ts",
      "doc_id": "ADR-000 F-4",
      "scope": "ADR-000 F-4 (T-00-02, frozen at INT-1a)",
      "sha256": "38c60ab7203cd10553484c351db87615ae166459593340b2484b77cd8349dbbd",
      "bytes": 4767
    },
    {
      "path": "packages/contracts/src/common/errors.ts",
      "doc_id": "ADR-000 F-4",
      "scope": "ADR-000 F-4 (T-00-02, frozen at INT-1a)",
      "sha256": "6d1b82d64ecc2fe6f08a30053f28dfaa959683bf02e98fac66b082c40ea8fb21",
      "bytes": 2521
    },
    {
      "path": "packages/contracts/src/common/ids.ts",
      "doc_id": "ADR-000 F-4",
      "scope": "ADR-000 F-4 (T-00-02, frozen at INT-1a)",
      "sha256": "a19cae50aa0b99daf0327e078b2e2eb19f5e2efdee81934f5aa192a63f4a5aa0",
      "bytes": 5598
    },
    {
      "path": "packages/contracts/src/common/ndjson.ts",
      "doc_id": "ADR-000 F-4",
      "scope": "ADR-000 F-4 (T-00-02, frozen at INT-1a)",
      "sha256": "6c623a5bcc115768b79ccff170486116aaed7475c8f8be91f2624c9978847ae4",
      "bytes": 335
    },
    {
      "path": "packages/contracts/src/common/pagination.ts",
      "doc_id": "ADR-000 F-4",
      "scope": "ADR-000 F-4 (T-00-02, frozen at INT-1a)",
      "sha256": "a916d0a5456ff6d9a7bc5f24adf405f148630764dbbb8d860420a7dcd28df7ad",
      "bytes": 475
    },
    {
      "path": "packages/contracts/src/common/practice.ts",
      "doc_id": "ADR-000 F-4",
      "scope": "ADR-000 F-4 (T-00-02, frozen at INT-1a)",
      "sha256": "137200dd497f87a02a455be4ef62cc4b9dc9b142cc06d6281601f951f893d79e",
      "bytes": 5656
    },
    {
      "path": "packages/contracts/src/common/problem.ts",
      "doc_id": "ADR-000 F-4",
      "scope": "ADR-000 F-4 (T-00-02, frozen at INT-1a)",
      "sha256": "11e9140c0c03a9ca3fccb8728b290f09c7bb908cb9562b86334f766a03cc0682",
      "bytes": 1552
    },
    {
      "path": "packages/contracts/src/common/route.ts",
      "doc_id": "ADR-000 F-4",
      "scope": "ADR-000 F-4 (T-00-02, frozen at INT-1a)",
      "sha256": "09827bbaedaefa6b27763c00be4f2d07798fa450e777d979f34aa9a15ed1fe0c",
      "bytes": 980
    },
    {
      "path": "packages/contracts/src/common/schema.ts",
      "doc_id": "ADR-000 F-4",
      "scope": "ADR-000 F-4 (T-00-02, frozen at INT-1a)",
      "sha256": "cd3c3ccf3074aff18b7aacfca9040735c9386bdcb4dad92aa8e1f921de3f3c0f",
      "bytes": 236
    },
    {
      "path": "packages/contracts/src/common/time.ts",
      "doc_id": "ADR-000 F-4",
      "scope": "ADR-000 F-4 (T-00-02, frozen at INT-1a)",
      "sha256": "94a579867f554630c9a54a6989a7960f0d32d457d387c70c0c0f4f92ed0d6128",
      "bytes": 589
    },
    {
      "path": "packages/contracts/src/admin/admin-routes.ts",
      "doc_id": "ADR-000 F-4",
      "scope": "ADR-000 F-4 (T-00-02, frozen at INT-1a)",
      "sha256": "6f4907d34c652ede6cc50229ffd3c9cf6f82ab9488fa9434b83b7d8db5c0065a",
      "bytes": 8853
    },
    {
      "path": "packages/contracts/src/admin/epoch-manifest.ts",
      "doc_id": "ADR-000 F-4",
      "scope": "ADR-000 F-4 (T-00-02, frozen at INT-1a)",
      "sha256": "2f9e907dca960c644bcebb34bf3e6f4a9981439aa3eb9b63e0a8991bde39776b",
      "bytes": 1533
    },
    {
      "path": "packages/contracts/src/admin/ipc.ts",
      "doc_id": "ADR-000 F-4",
      "scope": "ADR-000 F-4 (T-00-02, frozen at INT-1a)",
      "sha256": "f967bb0835387a1d73fae11018d09ad3e50f86eb1f0029023249565483510afb",
      "bytes": 4612
    },
    {
      "path": "packages/contracts/src/admin/jobs.ts",
      "doc_id": "ADR-000 F-4",
      "scope": "ADR-000 F-4 (T-00-02, frozen at INT-1a)",
      "sha256": "21e0604ef4f177195ed2b3487c71a07e37cdee8007b481d786f2b39c696e3f80",
      "bytes": 1215
    },
    {
      "path": "packages/contracts/src/ledger/envelope.ts",
      "doc_id": "ADR-000 F-4",
      "scope": "ADR-000 F-4 (T-00-02, frozen at INT-1a)",
      "sha256": "cbdd61122ab648c0d976c9502af7bbc566552356e6ff8d233955f53972765944",
      "bytes": 1831
    },
    {
      "path": "packages/contracts/src/ledger/payloads/ai-mode-observed.ts",
      "doc_id": "ADR-000 F-4",
      "scope": "ADR-000 F-4 (T-00-02, frozen at INT-1a)",
      "sha256": "ca06a5cfd185251fbcb98d42ab217a3e417093e33fd1cfd8d0da1dac6361941d",
      "bytes": 565
    },
    {
      "path": "packages/contracts/src/ledger/payloads/attempt-graded.ts",
      "doc_id": "ADR-000 F-4",
      "scope": "ADR-000 F-4 (T-00-02, frozen at INT-1a)",
      "sha256": "b54f6bdd8fc81ae0bac0b2df15723881c710cb83e22d8cc8c3db0b8579b60be3",
      "bytes": 773
    },
    {
      "path": "packages/contracts/src/ledger/payloads/card-enrolled.ts",
      "doc_id": "ADR-000 F-4",
      "scope": "ADR-000 F-4 (T-00-02, frozen at INT-1a)",
      "sha256": "740380b0002b58bf99ea6f253bc3b73355c6dee428868c1da571a7e212902b44",
      "bytes": 532
    },
    {
      "path": "packages/contracts/src/ledger/payloads/card-status-changed.ts",
      "doc_id": "ADR-000 F-4",
      "scope": "ADR-000 F-4 (T-00-02, frozen at INT-1a)",
      "sha256": "cae15c26d491ef50ecf0c0cd056c11372adcec5106801b5d9c957181ad34e2af",
      "bytes": 501
    },
    {
      "path": "packages/contracts/src/ledger/payloads/declaration-sealed.ts",
      "doc_id": "ADR-000 F-4",
      "scope": "ADR-000 F-4 (T-00-02, frozen at INT-1a)",
      "sha256": "2b2ef528fbc257c47b28630900547d603853696eb3d8e9efa45e5fa0fa1aa745",
      "bytes": 552
    },
    {
      "path": "packages/contracts/src/ledger/payloads/evidence-regraded.ts",
      "doc_id": "ADR-000 F-4",
      "scope": "ADR-000 F-4 (T-00-02, frozen at INT-1a)",
      "sha256": "3ca3aae0c0cf109ae29fb9e5caf1d460dc6b81f4d137ca7be0fb32ea67decd5a",
      "bytes": 741
    },
    {
      "path": "packages/contracts/src/ledger/payloads/evidence-upgraded.ts",
      "doc_id": "ADR-000 F-4",
      "scope": "ADR-000 F-4 (T-00-02, frozen at INT-1a)",
      "sha256": "4189b97e9f7f6feb6bb1fe3133c23d5bf74fb598846d9fbe64060e21fc4a9174",
      "bytes": 863
    },
    {
      "path": "packages/contracts/src/ledger/payloads/evidence-voided.ts",
      "doc_id": "ADR-000 F-4",
      "scope": "ADR-000 F-4 (T-00-02, frozen at INT-1a)",
      "sha256": "134292dddc7cef10e14a7683fddba549a7a639d36b9e09496839df96ce90004c",
      "bytes": 698
    },
    {
      "path": "packages/contracts/src/ledger/payloads/evidence-weight-adjusted.ts",
      "doc_id": "ADR-000 F-4",
      "scope": "ADR-000 F-4 (T-00-02, frozen at INT-1a)",
      "sha256": "99f64e19c0723b3a8023432bca8972fdef47e054b4a88088d8d07c4338a76060",
      "bytes": 944
    },
    {
      "path": "packages/contracts/src/ledger/payloads/lesson-completed.ts",
      "doc_id": "ADR-000 F-4",
      "scope": "ADR-000 F-4 (T-00-02, frozen at INT-1a)",
      "sha256": "e2537537d3c7c26fb6989080fd96f2e8f3e795f48212fed0790549fca4e03307",
      "bytes": 510
    },
    {
      "path": "packages/contracts/src/ledger/payloads/level-promoted.ts",
      "doc_id": "ADR-000 F-4",
      "scope": "ADR-000 F-4 (T-00-02, frozen at INT-1a)",
      "sha256": "52c90bfdee796c191feda3cb974d6b76b64ebf45e5ea33e14ce8f7df43aac3b6",
      "bytes": 746
    },
    {
      "path": "packages/contracts/src/ledger/payloads/level-provisional-resolved.ts",
      "doc_id": "ADR-000 F-4",
      "scope": "ADR-000 F-4 (T-00-02, frozen at INT-1a)",
      "sha256": "81305afa545c616a8ec1d22871a5b6b73c7a7a631ee2da463c11153a2726c4a0",
      "bytes": 689
    },
    {
      "path": "packages/contracts/src/ledger/payloads/policy-switched.ts",
      "doc_id": "ADR-000 F-4",
      "scope": "ADR-000 F-4 (T-00-02, frozen at INT-1a)",
      "sha256": "980beba9217559c98709adb3087e0f95e99174a0fc35a49db4e6125ff5ccb1ec",
      "bytes": 570
    },
    {
      "path": "packages/contracts/src/ledger/payloads/pretest-answered.ts",
      "doc_id": "ADR-000 F-4",
      "scope": "ADR-000 F-4 (T-00-02, frozen at INT-1a)",
      "sha256": "1efc76d4ee47548b8e3d8d65578ce929864308e3036b9240338ddcd76f6d2bad",
      "bytes": 698
    },
    {
      "path": "packages/contracts/src/ledger/payloads/profile-setting-changed.ts",
      "doc_id": "ADR-000 F-4",
      "scope": "ADR-000 F-4 (T-00-02, frozen at INT-1a)",
      "sha256": "63b68ff74b07d957501f76135ca216c9e5bf6bf7b46ee9313280ff666017cc64",
      "bytes": 374
    },
    {
      "path": "packages/contracts/src/ledger/payloads/promotion-exam-completed.ts",
      "doc_id": "ADR-000 F-4",
      "scope": "ADR-000 F-4 (T-00-02, frozen at INT-1a)",
      "sha256": "fb911fafd52e4807d5382e599e4b6715e9b9e683ff047c102a8b92bd1af20e68",
      "bytes": 754
    },
    {
      "path": "packages/contracts/src/ledger/payloads/self-assessment-recorded.ts",
      "doc_id": "ADR-000 F-4",
      "scope": "ADR-000 F-4 (T-00-02, frozen at INT-1a)",
      "sha256": "13a6cba3a209d92599a9033b72afab79ae11dd026fc03dfa766ad5bc41d7750a",
      "bytes": 935
    },
    {
      "path": "packages/contracts/src/ledger/payloads/verdict-carried.ts",
      "doc_id": "ADR-000 F-4",
      "scope": "ADR-000 F-4 (T-00-02, frozen at INT-1a)",
      "sha256": "a2c09bd937baae2bda374422a4adf4c9711874c6bb267c5de5ed59825227b10f",
      "bytes": 1777
    },
    {
      "path": "packages/contracts/src/ledger/types.ts",
      "doc_id": "ADR-000 F-4",
      "scope": "ADR-000 F-4 (T-00-02, frozen at INT-1a)",
      "sha256": "93c4d73a2229c1320b70cb052d34f425318218f18abc5450071e6d9dd123c462",
      "bytes": 4433
    },
    {
      "path": "packages/contracts/src/ledger/versions.ts",
      "doc_id": "ADR-000 F-4",
      "scope": "ADR-000 F-4 (T-00-02, frozen at INT-1a)",
      "sha256": "d0a66566ec960b9621924f46ca72957cc0f5ceb2e33b776017583aabebb677f5",
      "bytes": 692
    },
    {
      "path": "packages/contracts/src/manifests/modes.ts",
      "doc_id": "ADR-000 F-4",
      "scope": "ADR-000 F-4 (T-00-02, frozen at INT-1a)",
      "sha256": "6216e78c53cf24e7111c5b9a712344220a42d04e90c2fd1b5d8c3c89b3dff21f",
      "bytes": 908
    },
    {
      "path": "packages/contracts/src/manifests/verification-class.ts",
      "doc_id": "ADR-000 F-4",
      "scope": "ADR-000 F-4 (T-00-02, frozen at INT-1a)",
      "sha256": "f94270e03f2447c1622bfdc3ce4df3d5ca2981f3ac56cad5161329ccd4e3e987",
      "bytes": 513
    },
    {
      "path": "packages/contracts/src/events/envelope.ts",
      "doc_id": "ADR-000 F-4",
      "scope": "ADR-000 F-4 (T-00-02, frozen at INT-1a)",
      "sha256": "bf6ee60ccab7eab1abdb93b138c0d0ec5d9e1c6c558bae9e267ccb71b5c3179d",
      "bytes": 1436
    },
    {
      "path": "packages/contracts/src/events/consumer-manifest.ts",
      "doc_id": "ADR-000 F-4",
      "scope": "ADR-000 F-4 (T-00-02, frozen at INT-1a)",
      "sha256": "8f1a97e55ad560becd9c1ad3c262c06f636876cab7134d7685c9e72d425cfd59",
      "bytes": 702
    },
    {
      "path": "packages/contracts/src/db-hooks.ts",
      "doc_id": "ADR-000 F-4",
      "scope": "ADR-000 F-4 (T-00-02, frozen at INT-1a)",
      "sha256": "c59eb1e17e9e40365889a6351dfd837caff1dbf39188354610f41dee451473d7",
      "bytes": 5926
    },
    {
      "path": "packages/contracts/src/policy/lock.ts",
      "doc_id": "ADR-000 F-4",
      "scope": "ADR-000 F-4 (T-00-02, frozen at INT-1a)",
      "sha256": "8012f934b20db8aa1b7b15cafb3c4ee9033be1a6d3d7ac26f1ad9d667e2612dd",
      "bytes": 780
    },
    {
      "path": "packages/contracts/src/policy/mastery_rules.ts",
      "doc_id": "ADR-000 F-4",
      "scope": "ADR-000 F-4 (T-00-02, frozen at INT-1a)",
      "sha256": "022586cc0ad51e9691c504e1670a35fd6befcdb7ee99a0ae2d1564f18721024f",
      "bytes": 2027
    },
    {
      "path": "packages/contracts/manifests/modes.manifest.json",
      "doc_id": "ADR-000 F-4 · PG-2 #6",
      "scope": "ADR-000 F-4 · PG-2 #6 (T-00-02, frozen at INT-1a)",
      "sha256": "6b28072b9f4f36628115e74cee0553e777a271b4272023a800038fdd5773af20",
      "bytes": 4595
    },
    {
      "path": "packages/contracts/manifests/verification-class.json",
      "doc_id": "ADR-000 F-4 · PG-2 #6",
      "scope": "ADR-000 F-4 · PG-2 #6 (T-00-02, frozen at INT-1a)",
      "sha256": "ca13eec1329f6ba3a41d454bacefb46e6323b13e686729f1b47b707e195e9c80",
      "bytes": 1778
    },
    {
      "path": "packages/contracts/src/pack/records.ts",
      "doc_id": "ADR-000 F-4 · CR-46",
      "scope": "ADR-000 F-4 · CR-46 (T-00-09, frozen at INT-1a)",
      "sha256": "258753a7fcf183e87ad9202b67f4b144b953358ae77b3afbaf4955ba948f5262",
      "bytes": 11920
    },
    {
      "path": "packages/contracts/src/policy/ai_policy.ts",
      "doc_id": "ADR-000 F-4",
      "scope": "ADR-000 F-4 (T-00-09, frozen at INT-1a)",
      "sha256": "43e151600363f80e308bf39d204e5f49657316515b7d1d2537ae4fb607fbabb0",
      "bytes": 2931
    },
    {
      "path": "packages/contracts/src/policy/method_policy.ts",
      "doc_id": "ADR-000 F-4",
      "scope": "ADR-000 F-4 (T-00-10, frozen at INT-1a)",
      "sha256": "52b4cc7064acc3dcd71fd38fa1ee561af0803c09cfc93895306b2460c3144a14",
      "bytes": 3966
    },
    {
      "path": "services/ai-gateway/src/app.ts",
      "doc_id": "WBS-01 §2.2 PR-4 (register<Bc>() 목록 INT-1a 후 동결)",
      "scope": "WBS-01 §2.2 PR-4 (register<Bc>() 목록 INT-1a 후 동결) (T-00-12, T-00-13, frozen at INT-1a)",
      "sha256": "9c6aa62fb3726bdd250b9689c269fbda07f9df74b320198e1d10cadafdb19fae",
      "bytes": 678
    },
    {
      "path": "services/content/src/app.ts",
      "doc_id": "WBS-01 §2.2 PR-4 (register<Bc>() 목록 INT-1a 후 동결)",
      "scope": "WBS-01 §2.2 PR-4 (register<Bc>() 목록 INT-1a 후 동결) (T-00-12, T-00-13, frozen at INT-1a)",
      "sha256": "39465aea6ff07c5fc1a6358d7c03e1b99e25134b8680aef6d3a2cba809bd2284",
      "bytes": 1268
    },
    {
      "path": "services/gateway/src/app.ts",
      "doc_id": "WBS-01 §2.2 PR-4 (register<Bc>() 목록 INT-1a 후 동결)",
      "scope": "WBS-01 §2.2 PR-4 (register<Bc>() 목록 INT-1a 후 동결) (T-00-12, T-00-13, frozen at INT-1a)",
      "sha256": "fcd0d9ff43e314c8816c6a71be30571a9b39da2ff7bda521a2c3b9eb44e8180a",
      "bytes": 1166
    },
    {
      "path": "services/learning/src/app.ts",
      "doc_id": "WBS-01 §2.2 PR-4 (register<Bc>() 목록 INT-1a 후 동결)",
      "scope": "WBS-01 §2.2 PR-4 (register<Bc>() 목록 INT-1a 후 동결) (T-00-12, T-00-13, frozen at INT-1a)",
      "sha256": "424d7a2cf954a4352a4c0c5ce46f47a0bc84c1c0730362727cb8db7db7b0bd08",
      "bytes": 728
    },
    {
      "path": "services/ops/src/app.ts",
      "doc_id": "WBS-01 §2.2 PR-4 (register<Bc>() 목록 INT-1a 후 동결)",
      "scope": "WBS-01 §2.2 PR-4 (register<Bc>() 목록 INT-1a 후 동결) (T-00-12, T-00-13, frozen at INT-1a)",
      "sha256": "c8d7ee121231c3825c2630a94d633ca638b9e12d0a27bdf2e00726c525a699a7",
      "bytes": 875
    },
    {
      "path": "services/ops/src/supervisor/args.ts",
      "doc_id": "WBS-01 WP-00-29 (INT-1a 후 동결)",
      "scope": "WBS-01 WP-00-29 (INT-1a 후 동결) (T-00-11, frozen at INT-1a)",
      "sha256": "d7db05fdbbe74ca9786564f25720205a514f2ad61fcd47f0adc5370069ea215d",
      "bytes": 3391
    },
    {
      "path": "services/ops/src/supervisor/bootstrap.ts",
      "doc_id": "WBS-01 WP-00-29 (INT-1a 후 동결)",
      "scope": "WBS-01 WP-00-29 (INT-1a 후 동결) (T-00-11, frozen at INT-1a)",
      "sha256": "1bc6ca6349e0c4cdbacda9e915af839224f57ea77d4b859c362c03604846f52b",
      "bytes": 1877
    },
    {
      "path": "services/ops/src/supervisor/bundle.ts",
      "doc_id": "WBS-01 WP-00-29 (INT-1a 후 동결)",
      "scope": "WBS-01 WP-00-29 (INT-1a 후 동결) (T-00-11, frozen at INT-1a)",
      "sha256": "492545b55d6ae76da31a86fdcbfcbca4d2e45abf20db9c022d0cb6a0b032a33a",
      "bytes": 5726
    },
    {
      "path": "services/ops/src/supervisor/child-env.ts",
      "doc_id": "WBS-01 WP-00-29 (INT-1a 후 동결)",
      "scope": "WBS-01 WP-00-29 (INT-1a 후 동결) (T-00-11, frozen at INT-1a)",
      "sha256": "0be917e56555f45a10434faeabcb343ecf422b2392cd0a718f12bb212b1aed6c",
      "bytes": 1889
    },
    {
      "path": "services/ops/src/supervisor/child.ts",
      "doc_id": "WBS-01 WP-00-29 (INT-1a 후 동결)",
      "scope": "WBS-01 WP-00-29 (INT-1a 후 동결) (T-00-11, frozen at INT-1a)",
      "sha256": "d22dd04ec2c425a56af7d3371af3309b7448b0fb532e64a5977771060eecb539",
      "bytes": 6428
    },
    {
      "path": "services/ops/src/supervisor/context.ts",
      "doc_id": "WBS-01 WP-00-29 (INT-1a 후 동결)",
      "scope": "WBS-01 WP-00-29 (INT-1a 후 동결) (T-00-11, frozen at INT-1a)",
      "sha256": "078d3f9ee3492bffc02bd4cfc27d8bfe6927a29042dac6e91891db9c72d9443c",
      "bytes": 3845
    },
    {
      "path": "services/ops/src/supervisor/control-ipc.ts",
      "doc_id": "WBS-01 WP-00-29 (INT-1a 후 동결)",
      "scope": "WBS-01 WP-00-29 (INT-1a 후 동결) (T-00-11, frozen at INT-1a)",
      "sha256": "f6e35273aa01533e60acd5bd02ee0162fa17cdb7e6145fbd77d1b6f601790822",
      "bytes": 3251
    },
    {
      "path": "services/ops/src/supervisor/dev-watch.ts",
      "doc_id": "WBS-01 WP-00-29 (INT-1a 후 동결)",
      "scope": "WBS-01 WP-00-29 (INT-1a 후 동결) (T-00-11, frozen at INT-1a)",
      "sha256": "9f04598cb435e702b3f53f5535e95fe6650f2a16526456d67058ae8b8df21985",
      "bytes": 4363
    },
    {
      "path": "services/ops/src/supervisor/handshake.ts",
      "doc_id": "WBS-01 WP-00-29 (INT-1a 후 동결)",
      "scope": "WBS-01 WP-00-29 (INT-1a 후 동결) (T-00-11, frozen at INT-1a)",
      "sha256": "3e16ec5cb02574e2c63587548298a98b13a9e54ec7c9833f1e01c91fdfcb95a0",
      "bytes": 863
    },
    {
      "path": "services/ops/src/supervisor/lifecycle.ts",
      "doc_id": "WBS-01 WP-00-29 (INT-1a 후 동결)",
      "scope": "WBS-01 WP-00-29 (INT-1a 후 동결) (T-00-11, frozen at INT-1a)",
      "sha256": "59cf3bc66f1f1a8943014857622ce2a883825b15f28856fdf3e22ea33771ed5a",
      "bytes": 9404
    },
    {
      "path": "services/ops/src/supervisor/log-sink.ts",
      "doc_id": "WBS-01 WP-00-29 (INT-1a 후 동결)",
      "scope": "WBS-01 WP-00-29 (INT-1a 후 동결) (T-00-11, frozen at INT-1a)",
      "sha256": "7b3e5a143d6dacb0307ea69ae852e34f5c59ef5ec5dc1a68fa3f0085543d98c9",
      "bytes": 8099
    },
    {
      "path": "services/ops/src/supervisor/main.ts",
      "doc_id": "WBS-01 WP-00-29 (INT-1a 후 동결)",
      "scope": "WBS-01 WP-00-29 (INT-1a 후 동결) (T-00-11, frozen at INT-1a)",
      "sha256": "d5442f699f36f491c8eaff78fdebe0796a5589b15e5d99e55a0650b5d2b87ac2",
      "bytes": 4547
    },
    {
      "path": "services/ops/src/supervisor/messages.ts",
      "doc_id": "WBS-01 WP-00-29 (INT-1a 후 동결)",
      "scope": "WBS-01 WP-00-29 (INT-1a 후 동결) (T-00-11, frozen at INT-1a)",
      "sha256": "5d264a93d0a6b8620dd5c059271d774a961d32d0a2ca508b8864bd282b3cee88",
      "bytes": 4286
    },
    {
      "path": "services/ops/src/supervisor/ports.ts",
      "doc_id": "WBS-01 WP-00-29 (INT-1a 후 동결)",
      "scope": "WBS-01 WP-00-29 (INT-1a 후 동결) (T-00-11, frozen at INT-1a)",
      "sha256": "b9c154a5494b561d65cb6a12af9a717047f723502b7bcc0d251119cc19e64caa",
      "bytes": 2296
    },
    {
      "path": "services/ops/src/supervisor/process-table.ts",
      "doc_id": "WBS-01 WP-00-29 (INT-1a 후 동결)",
      "scope": "WBS-01 WP-00-29 (INT-1a 후 동결) (T-00-11, frozen at INT-1a)",
      "sha256": "668b4d421f4230c3989d19362b3ac1a3bcb05b0c942d0459e01578b9454f4c3c",
      "bytes": 3395
    },
    {
      "path": "services/ops/src/supervisor/restart-policy.ts",
      "doc_id": "WBS-01 WP-00-29 (INT-1a 후 동결)",
      "scope": "WBS-01 WP-00-29 (INT-1a 후 동결) (T-00-11, frozen at INT-1a)",
      "sha256": "e469ebca38980ee25d2f23941f6df0a0bfa96a1fd4fb60f05f601074fe191afd",
      "bytes": 1696
    },
    {
      "path": "services/ops/src/supervisor/run-mode.ts",
      "doc_id": "WBS-01 WP-00-29 (INT-1a 후 동결)",
      "scope": "WBS-01 WP-00-29 (INT-1a 후 동결) (T-00-11, frozen at INT-1a)",
      "sha256": "eae492226bfbfba0b53d67a06ac06703c11a59f3b8b9daf1fb410e8876fba476",
      "bytes": 5277
    },
    {
      "path": "services/ops/src/supervisor/runtime-files.ts",
      "doc_id": "WBS-01 WP-00-29 (INT-1a 후 동결)",
      "scope": "WBS-01 WP-00-29 (INT-1a 후 동결) (T-00-11, frozen at INT-1a)",
      "sha256": "e7002f92ba017e573552b02deb21a368dba3129a6e89ab24dd143625319d35c3",
      "bytes": 8990
    },
    {
      "path": "services/ops/src/supervisor/supervisor.ts",
      "doc_id": "WBS-01 WP-00-29 (INT-1a 후 동결)",
      "scope": "WBS-01 WP-00-29 (INT-1a 후 동결) (T-00-11, frozen at INT-1a)",
      "sha256": "eb62a034c73d1d4c51fd43307ca5453f11489816fea46d952aad8ff381ed44e3",
      "bytes": 7901
    },
    {
      "path": "services/ops/src/supervisor/tokens.ts",
      "doc_id": "WBS-01 WP-00-29 (INT-1a 후 동결)",
      "scope": "WBS-01 WP-00-29 (INT-1a 후 동결) (T-00-11, frozen at INT-1a)",
      "sha256": "257e5bf0cea41ad6d4078392481e922a04d97fcd358717f1ea71d4949c5220a3",
      "bytes": 846
    },
    {
      "path": "services/ops/src/supervisor/types.ts",
      "doc_id": "WBS-01 WP-00-29 (INT-1a 후 동결)",
      "scope": "WBS-01 WP-00-29 (INT-1a 후 동결) (T-00-11, frozen at INT-1a)",
      "sha256": "a90d784634091e3f3da48d6c068f930f06bd3ae8c3236bf4ca0a9cce631a007a",
      "bytes": 1682
    },
    {
      "path": "services/ops/src/supervisor/vite.ts",
      "doc_id": "WBS-01 WP-00-29 (INT-1a 후 동결)",
      "scope": "WBS-01 WP-00-29 (INT-1a 후 동결) (T-00-11, frozen at INT-1a)",
      "sha256": "0579c6b90fe88d05dd2d3c006ff062b2635aa9981f190f81a9088079c70bb09c",
      "bytes": 1814
    }
  ],
  "pending": [
    {
      "glob": "packages/testkit/src/golden-ledgers/**",
      "source": "CR-65 (TST D-TST-20)",
      "owner_task": "(IT-01 골든 원장 WP)",
      "freeze_at": "INT-1b"
    }
  ],
  "excluded": [
    {
      "path": "policy/*@v1.yaml",
      "reason": "값은 동결 아님(ADR-000 §1 '동결이 아닌 것') — policy.lock.json 해시로 별도 보호"
    },
    {
      "path": "content/**",
      "reason": "콘텐츠 파이프라인 규칙(DCP-01 §9)"
    },
    {
      "path": "AGENTS.md",
      "reason": "CLAUDE.md 요약 미러(STD-01 §17.7). 정본은 CLAUDE.md"
    },
    {
      "path": "docs/02-design/cr/**",
      "reason": "CR 대장 — 살아 있는 기록"
    }
  ]
}
